// !$*UTF8*$!
{
	archiveVersion = 1;
	classes = {
	};
	objectVersion = 52;
	objects = {

/* Begin PBXBuildFile section */
		450760F2D75A72F88740380C /* ProtocolAndExtension.swift in Sources */ = {isa = PBXBuildFile; fileRef = 45076CFFFCD5D1E2DF7BFCA2 /* ProtocolAndExtension.swift */; };
		4507611C61F021CF3443E581 /* Closures.swift in Sources */ = {isa = PBXBuildFile; fileRef = 4507654756789EC29F0AF4A5 /* Closures.swift */; };
		45076129E378E922115BCEE1 /* Subscripts.swift in Sources */ = {isa = PBXBuildFile; fileRef = 45076228CAEA52672040B90A /* Subscripts.swift */; };
		45076131BEA8DC1482FFEB2C /* TheBasics.swift in Sources */ = {isa = PBXBuildFile; fileRef = 4507609146E11AD6382A2787 /* TheBasics.swift */; };
		45076185DE56F76ED05959BB /* OptionalChaining.swift in Sources */ = {isa = PBXBuildFile; fileRef = 4507687384F022BA8F27101C /* OptionalChaining.swift */; };
		450761D989AC735A08719F56 /* CollectionTypes.swift in Sources */ = {isa = PBXBuildFile; fileRef = 450768C98E80FEC74A1C9112 /* CollectionTypes.swift */; };
		450762513B82A8C92084248F /* MemorySafety.swift in Sources */ = {isa = PBXBuildFile; fileRef = 450762CD75C266ED872A6B75 /* MemorySafety.swift */; };
		4507627F8785CE75EA744624 /* Protocols.swift in Sources */ = {isa = PBXBuildFile; fileRef = 45076F3B0B3AF3934940C249 /* Protocols.swift */; };
		450762C72B0BF2F78AB2A6BF /* Initialization.swift in Sources */ = {isa = PBXBuildFile; fileRef = 450769193CB07592329F4249 /* Initialization.swift */; };
		450762D54A549CE9B8F651A0 /* Deinitialization.swift in Sources */ = {isa = PBXBuildFile; fileRef = 450768F4E2386B4F3F6ECFF5 /* Deinitialization.swift */; };
		450762ED8C348680A1A50792 /* AlgorithmProtocol.swift in Sources */ = {isa = PBXBuildFile; fileRef = 45076795795D98EF74025855 /* AlgorithmProtocol.swift */; };
		450763E4523102C0560F9596 /* VariableAndConstantType.swift in Sources */ = {isa = PBXBuildFile; fileRef = 4507679D96857814C4DA3DE9 /* VariableAndConstantType.swift */; };
		450763FC8D8441B80A940348 /* Enumerations.swift in Sources */ = {isa = PBXBuildFile; fileRef = 450767C5886D13C89BE56D19 /* Enumerations.swift */; };
		450764547F736B259482F918 /* Extensions.swift in Sources */ = {isa = PBXBuildFile; fileRef = 450761AD032896B415F379D4 /* Extensions.swift */; };
		45076460217805C09DD25A10 /* OpaqueTypes.swift in Sources */ = {isa = PBXBuildFile; fileRef = 4507667800CD2373CED44FCA /* OpaqueTypes.swift */; };
		450764B07CFB38AA79A7044E /* AutomaticReferenceCounting.swift in Sources */ = {isa = PBXBuildFile; fileRef = 45076BA19C1248C8230E304B /* AutomaticReferenceCounting.swift */; };
		450764B66E8568F19DA85E27 /* MainProtocol.swift in Sources */ = {isa = PBXBuildFile; fileRef = 4507633DCF78F74881C51C6F /* MainProtocol.swift */; };
		450765171490ED2F93C2CC50 /* Generics.swift in Sources */ = {isa = PBXBuildFile; fileRef = 450767C3AD28A42B88B9BE26 /* Generics.swift */; };
		450765E3FE544752F19F7498 /* ErrorHandling.swift in Sources */ = {isa = PBXBuildFile; fileRef = 45076D5FD9C3796C05C57B29 /* ErrorHandling.swift */; };
		450765F8827942697F0979B6 /* Condition.swift in Sources */ = {isa = PBXBuildFile; fileRef = 450765E20D9438A59C164869 /* Condition.swift */; };
		450765FCA080AF72C4961578 /* ErrorHandle.swift in Sources */ = {isa = PBXBuildFile; fileRef = 45076807CDA32A4DAA38E911 /* ErrorHandle.swift */; };
		45076633059FC0B1AA207FC8 /* Class.swift in Sources */ = {isa = PBXBuildFile; fileRef = 450761D6179023B875F8F5BA /* Class.swift */; };
		45076635C1F814E5C3F1CE5B /* Properties.swift in Sources */ = {isa = PBXBuildFile; fileRef = 4507651D38C7C50D5D69FA41 /* Properties.swift */; };
		45076746ED4F8D51541E136E /* AccessControl.swift in Sources */ = {isa = PBXBuildFile; fileRef = 45076BF0118E968EF2568239 /* AccessControl.swift */; };
		4507675254B53801E41595F0 /* Inheritance.swift in Sources */ = {isa = PBXBuildFile; fileRef = 45076424981F38F0CF40C031 /* Inheritance.swift */; };
		450768BE3BAF13361BBB5038 /* NestedTypes.swift in Sources */ = {isa = PBXBuildFile; fileRef = 4507695834E8CC7143BD57D1 /* NestedTypes.swift */; };
		450769899434DB58746C8007 /* StringsAndCharacters.swift in Sources */ = {isa = PBXBuildFile; fileRef = 4507686A5AC382C645707D5A /* StringsAndCharacters.swift */; };
		450769D3453F7EF54B6F1319 /* AdvancedOperators.swift in Sources */ = {isa = PBXBuildFile; fileRef = 450761376542DC70FD3439F9 /* AdvancedOperators.swift */; };
		45076A45A56C5B2D615925C5 /* Function.swift in Sources */ = {isa = PBXBuildFile; fileRef = 4507621686BECC66F9A60B4D /* Function.swift */; };
		45076A8F441A234C51E51849 /* ControlFlow.swift in Sources */ = {isa = PBXBuildFile; fileRef = 45076CC7CF681F7E6A066C0C /* ControlFlow.swift */; };
		45076ABDFCCE27BC6B57CD7E /* Generic.swift in Sources */ = {isa = PBXBuildFile; fileRef = 45076D25426577123B9A8B5C /* Generic.swift */; };
		45076D368233508540DC710B /* Methods.swift in Sources */ = {isa = PBXBuildFile; fileRef = 4507618D1CE16D06398AD09C /* Methods.swift */; };
		45076D48B588A2CB0BA03741 /* StructuresAndClasses.swift in Sources */ = {isa = PBXBuildFile; fileRef = 45076C7F90921252E50BE92F /* StructuresAndClasses.swift */; };
		45076DB146496090DB5B611F /* TypeCasting.swift in Sources */ = {isa = PBXBuildFile; fileRef = 450769A922B14E794FF1DB03 /* TypeCasting.swift */; };
		45076E97ACBDA5F3E712C2F8 /* EnumerationAndStructure.swift in Sources */ = {isa = PBXBuildFile; fileRef = 45076E48A23687DC7AE735EC /* EnumerationAndStructure.swift */; };
		45076EC15EDC12434BFC60B9 /* Select.swift in Sources */ = {isa = PBXBuildFile; fileRef = 450766D7DE7BC3F55196CF11 /* Select.swift */; };
		45076F1DAC5D6FC9925D416E /* BasicOperators.swift in Sources */ = {isa = PBXBuildFile; fileRef = 45076B15CDB2E00732B9B1E2 /* BasicOperators.swift */; };
		45076F556ED5C64544A09E3E /* Functions.swift in Sources */ = {isa = PBXBuildFile; fileRef = 45076C9C300DC01D620BE816 /* Functions.swift */; };
		45076FFB63279E40F91EB7E5 /* Bubble.swift in Sources */ = {isa = PBXBuildFile; fileRef = 45076F5AC7B1617FB8A04A0B /* Bubble.swift */; };
		AD0FA7A5949DE3960AD52D8F /* libPods-SwiftStudy.a in Frameworks */ = {isa = PBXBuildFile; fileRef = 37DA7818F553982F9F46C1EB /* libPods-SwiftStudy.a */; };
		F98F3ECC247F728700E30571 /* AppDelegate.swift in Sources */ = {isa = PBXBuildFile; fileRef = F98F3ECB247F728700E30571 /* AppDelegate.swift */; };
		F98F3ECE247F728700E30571 /* SceneDelegate.swift in Sources */ = {isa = PBXBuildFile; fileRef = F98F3ECD247F728700E30571 /* SceneDelegate.swift */; };
		F98F3ED0247F728700E30571 /* ViewController.swift in Sources */ = {isa = PBXBuildFile; fileRef = F98F3ECF247F728700E30571 /* ViewController.swift */; };
		F98F3ED3247F728700E30571 /* Main.storyboard in Resources */ = {isa = PBXBuildFile; fileRef = F98F3ED1247F728700E30571 /* Main.storyboard */; };
		F98F3ED5247F728800E30571 /* Assets.xcassets in Resources */ = {isa = PBXBuildFile; fileRef = F98F3ED4247F728800E30571 /* Assets.xcassets */; };
		F98F3ED8247F728800E30571 /* LaunchScreen.storyboard in Resources */ = {isa = PBXBuildFile; fileRef = F98F3ED6247F728800E30571 /* LaunchScreen.storyboard */; };
		F9C858AA25B5E88D00B6D52F /* NSLayoutConstraint+Extension.swift in Sources */ = {isa = PBXBuildFile; fileRef = F9C858A925B5E88D00B6D52F /* NSLayoutConstraint+Extension.swift */; };
		F9F8F14A28562E0E00BF074E /* UserViewModel.swift in Sources */ = {isa = PBXBuildFile; fileRef = F9F8F14928562E0E00BF074E /* UserViewModel.swift */; };
		F9F8F14C28562E3700BF074E /* UserView.swift in Sources */ = {isa = PBXBuildFile; fileRef = F9F8F14B28562E3700BF074E /* UserView.swift */; };
		F9F8F14E28562E6D00BF074E /* UserView.xib in Resources */ = {isa = PBXBuildFile; fileRef = F9F8F14D28562E6D00BF074E /* UserView.xib */; };
		F9F8F15028562E9200BF074E /* UserVC.swift in Sources */ = {isa = PBXBuildFile; fileRef = F9F8F14F28562E9200BF074E /* UserVC.swift */; };
		F9F8F15228562FFF00BF074E /* UIView+Base.swift in Sources */ = {isa = PBXBuildFile; fileRef = F9F8F15128562FFF00BF074E /* UIView+Base.swift */; };
		F9F8F155285631F000BF074E /* CommonDefinition.swift in Sources */ = {isa = PBXBuildFile; fileRef = F9F8F154285631F000BF074E /* CommonDefinition.swift */; };
		F9F8F15928564E3C00BF074E /* Observable+Operators.swift in Sources */ = {isa = PBXBuildFile; fileRef = F9F8F15828564E3B00BF074E /* Observable+Operators.swift */; };
/* End PBXBuildFile section */

/* Begin PBXFileReference section */
		2BF65212249E71BCA9EA22DE /* Pods-SwiftStudy.debug.xcconfig */ = {isa = PBXFileReference; includeInIndex = 1; lastKnownFileType = text.xcconfig; name = "Pods-SwiftStudy.debug.xcconfig"; path = "Target Support Files/Pods-SwiftStudy/Pods-SwiftStudy.debug.xcconfig"; sourceTree = "<group>"; };
		37DA7818F553982F9F46C1EB /* libPods-SwiftStudy.a */ = {isa = PBXFileReference; explicitFileType = archive.ar; includeInIndex = 0; path = "libPods-SwiftStudy.a"; sourceTree = BUILT_PRODUCTS_DIR; };
		4507609146E11AD6382A2787 /* TheBasics.swift */ = {isa = PBXFileReference; fileEncoding = 4; lastKnownFileType = sourcecode.swift; path = TheBasics.swift; sourceTree = "<group>"; };
		450761376542DC70FD3439F9 /* AdvancedOperators.swift */ = {isa = PBXFileReference; fileEncoding = 4; lastKnownFileType = sourcecode.swift; path = AdvancedOperators.swift; sourceTree = "<group>"; };
		4507618D1CE16D06398AD09C /* Methods.swift */ = {isa = PBXFileReference; fileEncoding = 4; lastKnownFileType = sourcecode.swift; path = Methods.swift; sourceTree = "<group>"; };
		450761AD032896B415F379D4 /* Extensions.swift */ = {isa = PBXFileReference; fileEncoding = 4; lastKnownFileType = sourcecode.swift; path = Extensions.swift; sourceTree = "<group>"; };
		450761D6179023B875F8F5BA /* Class.swift */ = {isa = PBXFileReference; fileEncoding = 4; lastKnownFileType = sourcecode.swift; path = Class.swift; sourceTree = "<group>"; };
		4507621686BECC66F9A60B4D /* Function.swift */ = {isa = PBXFileReference; fileEncoding = 4; lastKnownFileType = sourcecode.swift; path = Function.swift; sourceTree = "<group>"; };
		45076228CAEA52672040B90A /* Subscripts.swift */ = {isa = PBXFileReference; fileEncoding = 4; lastKnownFileType = sourcecode.swift; path = Subscripts.swift; sourceTree = "<group>"; };
		450762CD75C266ED872A6B75 /* MemorySafety.swift */ = {isa = PBXFileReference; fileEncoding = 4; lastKnownFileType = sourcecode.swift; path = MemorySafety.swift; sourceTree = "<group>"; };
		4507633DCF78F74881C51C6F /* MainProtocol.swift */ = {isa = PBXFileReference; fileEncoding = 4; lastKnownFileType = sourcecode.swift; path = MainProtocol.swift; sourceTree = "<group>"; };
		45076424981F38F0CF40C031 /* Inheritance.swift */ = {isa = PBXFileReference; fileEncoding = 4; lastKnownFileType = sourcecode.swift; path = Inheritance.swift; sourceTree = "<group>"; };
		4507651D38C7C50D5D69FA41 /* Properties.swift */ = {isa = PBXFileReference; fileEncoding = 4; lastKnownFileType = sourcecode.swift; path = Properties.swift; sourceTree = "<group>"; };
		4507654756789EC29F0AF4A5 /* Closures.swift */ = {isa = PBXFileReference; fileEncoding = 4; lastKnownFileType = sourcecode.swift; path = Closures.swift; sourceTree = "<group>"; };
		450765E20D9438A59C164869 /* Condition.swift */ = {isa = PBXFileReference; fileEncoding = 4; lastKnownFileType = sourcecode.swift; path = Condition.swift; sourceTree = "<group>"; };
		4507667800CD2373CED44FCA /* OpaqueTypes.swift */ = {isa = PBXFileReference; fileEncoding = 4; lastKnownFileType = sourcecode.swift; path = OpaqueTypes.swift; sourceTree = "<group>"; };
		450766D7DE7BC3F55196CF11 /* Select.swift */ = {isa = PBXFileReference; fileEncoding = 4; lastKnownFileType = sourcecode.swift; path = Select.swift; sourceTree = "<group>"; };
		45076795795D98EF74025855 /* AlgorithmProtocol.swift */ = {isa = PBXFileReference; fileEncoding = 4; lastKnownFileType = sourcecode.swift; path = AlgorithmProtocol.swift; sourceTree = "<group>"; };
		4507679D96857814C4DA3DE9 /* VariableAndConstantType.swift */ = {isa = PBXFileReference; fileEncoding = 4; lastKnownFileType = sourcecode.swift; path = VariableAndConstantType.swift; sourceTree = "<group>"; };
		450767C3AD28A42B88B9BE26 /* Generics.swift */ = {isa = PBXFileReference; fileEncoding = 4; lastKnownFileType = sourcecode.swift; path = Generics.swift; sourceTree = "<group>"; };
		450767C5886D13C89BE56D19 /* Enumerations.swift */ = {isa = PBXFileReference; fileEncoding = 4; lastKnownFileType = sourcecode.swift; path = Enumerations.swift; sourceTree = "<group>"; };
		45076807CDA32A4DAA38E911 /* ErrorHandle.swift */ = {isa = PBXFileReference; fileEncoding = 4; lastKnownFileType = sourcecode.swift; path = ErrorHandle.swift; sourceTree = "<group>"; };
		4507686A5AC382C645707D5A /* StringsAndCharacters.swift */ = {isa = PBXFileReference; fileEncoding = 4; lastKnownFileType = sourcecode.swift; path = StringsAndCharacters.swift; sourceTree = "<group>"; };
		4507687384F022BA8F27101C /* OptionalChaining.swift */ = {isa = PBXFileReference; fileEncoding = 4; lastKnownFileType = sourcecode.swift; path = OptionalChaining.swift; sourceTree = "<group>"; };
		450768C98E80FEC74A1C9112 /* CollectionTypes.swift */ = {isa = PBXFileReference; fileEncoding = 4; lastKnownFileType = sourcecode.swift; path = CollectionTypes.swift; sourceTree = "<group>"; };
		450768F4E2386B4F3F6ECFF5 /* Deinitialization.swift */ = {isa = PBXFileReference; fileEncoding = 4; lastKnownFileType = sourcecode.swift; path = Deinitialization.swift; sourceTree = "<group>"; };
		450769193CB07592329F4249 /* Initialization.swift */ = {isa = PBXFileReference; fileEncoding = 4; lastKnownFileType = sourcecode.swift; path = Initialization.swift; sourceTree = "<group>"; };
		4507695834E8CC7143BD57D1 /* NestedTypes.swift */ = {isa = PBXFileReference; fileEncoding = 4; lastKnownFileType = sourcecode.swift; path = NestedTypes.swift; sourceTree = "<group>"; };
		450769A922B14E794FF1DB03 /* TypeCasting.swift */ = {isa = PBXFileReference; fileEncoding = 4; lastKnownFileType = sourcecode.swift; path = TypeCasting.swift; sourceTree = "<group>"; };
		45076B15CDB2E00732B9B1E2 /* BasicOperators.swift */ = {isa = PBXFileReference; fileEncoding = 4; lastKnownFileType = sourcecode.swift; path = BasicOperators.swift; sourceTree = "<group>"; };
		45076BA19C1248C8230E304B /* AutomaticReferenceCounting.swift */ = {isa = PBXFileReference; fileEncoding = 4; lastKnownFileType = sourcecode.swift; path = AutomaticReferenceCounting.swift; sourceTree = "<group>"; };
		45076BF0118E968EF2568239 /* AccessControl.swift */ = {isa = PBXFileReference; fileEncoding = 4; lastKnownFileType = sourcecode.swift; path = AccessControl.swift; sourceTree = "<group>"; };
		45076C7F90921252E50BE92F /* StructuresAndClasses.swift */ = {isa = PBXFileReference; fileEncoding = 4; lastKnownFileType = sourcecode.swift; path = StructuresAndClasses.swift; sourceTree = "<group>"; };
		45076C9C300DC01D620BE816 /* Functions.swift */ = {isa = PBXFileReference; fileEncoding = 4; lastKnownFileType = sourcecode.swift; path = Functions.swift; sourceTree = "<group>"; };
		45076CC7CF681F7E6A066C0C /* ControlFlow.swift */ = {isa = PBXFileReference; fileEncoding = 4; lastKnownFileType = sourcecode.swift; path = ControlFlow.swift; sourceTree = "<group>"; };
		45076CFFFCD5D1E2DF7BFCA2 /* ProtocolAndExtension.swift */ = {isa = PBXFileReference; fileEncoding = 4; lastKnownFileType = sourcecode.swift; path = ProtocolAndExtension.swift; sourceTree = "<group>"; };
		45076D25426577123B9A8B5C /* Generic.swift */ = {isa = PBXFileReference; fileEncoding = 4; lastKnownFileType = sourcecode.swift; path = Generic.swift; sourceTree = "<group>"; };
		45076D5FD9C3796C05C57B29 /* ErrorHandling.swift */ = {isa = PBXFileReference; fileEncoding = 4; lastKnownFileType = sourcecode.swift; path = ErrorHandling.swift; sourceTree = "<group>"; };
		45076E48A23687DC7AE735EC /* EnumerationAndStructure.swift */ = {isa = PBXFileReference; fileEncoding = 4; lastKnownFileType = sourcecode.swift; path = EnumerationAndStructure.swift; sourceTree = "<group>"; };
		45076F3B0B3AF3934940C249 /* Protocols.swift */ = {isa = PBXFileReference; fileEncoding = 4; lastKnownFileType = sourcecode.swift; path = Protocols.swift; sourceTree = "<group>"; };
		45076F5AC7B1617FB8A04A0B /* Bubble.swift */ = {isa = PBXFileReference; fileEncoding = 4; lastKnownFileType = sourcecode.swift; path = Bubble.swift; sourceTree = "<group>"; };
		62C7EC51000492B5CBE9CA18 /* Pods-SwiftStudy.release.xcconfig */ = {isa = PBXFileReference; includeInIndex = 1; lastKnownFileType = text.xcconfig; name = "Pods-SwiftStudy.release.xcconfig"; path = "Target Support Files/Pods-SwiftStudy/Pods-SwiftStudy.release.xcconfig"; sourceTree = "<group>"; };
		F98F3EC8247F728700E30571 /* SwiftStudy.app */ = {isa = PBXFileReference; explicitFileType = wrapper.application; includeInIndex = 0; path = SwiftStudy.app; sourceTree = BUILT_PRODUCTS_DIR; };
		F98F3ECB247F728700E30571 /* AppDelegate.swift */ = {isa = PBXFileReference; lastKnownFileType = sourcecode.swift; path = AppDelegate.swift; sourceTree = "<group>"; };
		F98F3ECD247F728700E30571 /* SceneDelegate.swift */ = {isa = PBXFileReference; lastKnownFileType = sourcecode.swift; path = SceneDelegate.swift; sourceTree = "<group>"; };
		F98F3ECF247F728700E30571 /* ViewController.swift */ = {isa = PBXFileReference; lastKnownFileType = sourcecode.swift; path = ViewController.swift; sourceTree = "<group>"; };
		F98F3ED2247F728700E30571 /* Base */ = {isa = PBXFileReference; lastKnownFileType = file.storyboard; name = Base; path = Base.lproj/Main.storyboard; sourceTree = "<group>"; };
		F98F3ED4247F728800E30571 /* Assets.xcassets */ = {isa = PBXFileReference; lastKnownFileType = folder.assetcatalog; path = Assets.xcassets; sourceTree = "<group>"; };
		F98F3ED7247F728800E30571 /* Base */ = {isa = PBXFileReference; lastKnownFileType = file.storyboard; name = Base; path = Base.lproj/LaunchScreen.storyboard; sourceTree = "<group>"; };
		F98F3ED9247F728800E30571 /* Info.plist */ = {isa = PBXFileReference; lastKnownFileType = text.plist.xml; path = Info.plist; sourceTree = "<group>"; };
		F9B480A924F014110000BEE8 /* MyPlayground.playground */ = {isa = PBXFileReference; lastKnownFileType = file.playground; path = MyPlayground.playground; sourceTree = "<group>"; xcLanguageSpecificationIdentifier = xcode.lang.swift; };
		F9C858A925B5E88D00B6D52F /* NSLayoutConstraint+Extension.swift */ = {isa = PBXFileReference; lastKnownFileType = sourcecode.swift; path = "NSLayoutConstraint+Extension.swift"; sourceTree = "<group>"; };
		F9F8F14928562E0E00BF074E /* UserViewModel.swift */ = {isa = PBXFileReference; lastKnownFileType = sourcecode.swift; path = UserViewModel.swift; sourceTree = "<group>"; };
		F9F8F14B28562E3700BF074E /* UserView.swift */ = {isa = PBXFileReference; lastKnownFileType = sourcecode.swift; path = UserView.swift; sourceTree = "<group>"; };
		F9F8F14D28562E6D00BF074E /* UserView.xib */ = {isa = PBXFileReference; lastKnownFileType = file.xib; path = UserView.xib; sourceTree = "<group>"; };
		F9F8F14F28562E9200BF074E /* UserVC.swift */ = {isa = PBXFileReference; lastKnownFileType = sourcecode.swift; path = UserVC.swift; sourceTree = "<group>"; };
		F9F8F15128562FFF00BF074E /* UIView+Base.swift */ = {isa = PBXFileReference; fileEncoding = 4; lastKnownFileType = sourcecode.swift; path = "UIView+Base.swift"; sourceTree = "<group>"; };
		F9F8F154285631F000BF074E /* CommonDefinition.swift */ = {isa = PBXFileReference; fileEncoding = 4; lastKnownFileType = sourcecode.swift; path = CommonDefinition.swift; sourceTree = "<group>"; };
		F9F8F15828564E3B00BF074E /* Observable+Operators.swift */ = {isa = PBXFileReference; fileEncoding = 4; lastKnownFileType = sourcecode.swift; path = "Observable+Operators.swift"; sourceTree = "<group>"; };
/* End PBXFileReference section */

/* Begin PBXFrameworksBuildPhase section */
		F98F3EC5247F728700E30571 /* Frameworks */ = {
			isa = PBXFrameworksBuildPhase;
			buildActionMask = 2147483647;
			files = (
				AD0FA7A5949DE3960AD52D8F /* libPods-SwiftStudy.a in Frameworks */,
			);
			runOnlyForDeploymentPostprocessing = 0;
		};
/* End PBXFrameworksBuildPhase section */

/* Begin PBXGroup section */
		4507604BE23E558F030C00B8 /* Detail */ = {
			isa = PBXGroup;
			children = (
				4507609146E11AD6382A2787 /* TheBasics.swift */,
				45076B15CDB2E00732B9B1E2 /* BasicOperators.swift */,
				4507686A5AC382C645707D5A /* StringsAndCharacters.swift */,
				450768C98E80FEC74A1C9112 /* CollectionTypes.swift */,
				45076CC7CF681F7E6A066C0C /* ControlFlow.swift */,
				45076C9C300DC01D620BE816 /* Functions.swift */,
				4507654756789EC29F0AF4A5 /* Closures.swift */,
				450767C5886D13C89BE56D19 /* Enumerations.swift */,
				45076C7F90921252E50BE92F /* StructuresAndClasses.swift */,
				4507651D38C7C50D5D69FA41 /* Properties.swift */,
				4507618D1CE16D06398AD09C /* Methods.swift */,
				45076228CAEA52672040B90A /* Subscripts.swift */,
				45076424981F38F0CF40C031 /* Inheritance.swift */,
				450769193CB07592329F4249 /* Initialization.swift */,
				450768F4E2386B4F3F6ECFF5 /* Deinitialization.swift */,
				4507687384F022BA8F27101C /* OptionalChaining.swift */,
				45076D5FD9C3796C05C57B29 /* ErrorHandling.swift */,
				450769A922B14E794FF1DB03 /* TypeCasting.swift */,
				4507695834E8CC7143BD57D1 /* NestedTypes.swift */,
				450761AD032896B415F379D4 /* Extensions.swift */,
				45076F3B0B3AF3934940C249 /* Protocols.swift */,
				450767C3AD28A42B88B9BE26 /* Generics.swift */,
				4507667800CD2373CED44FCA /* OpaqueTypes.swift */,
				45076BA19C1248C8230E304B /* AutomaticReferenceCounting.swift */,
				450762CD75C266ED872A6B75 /* MemorySafety.swift */,
				45076BF0118E968EF2568239 /* AccessControl.swift */,
				450761376542DC70FD3439F9 /* AdvancedOperators.swift */,
			);
			path = Detail;
			sourceTree = "<group>";
		};
		4507606B3434FB4C27A20ECE /* Algorithm */ = {
			isa = PBXGroup;
			children = (
				45076795795D98EF74025855 /* AlgorithmProtocol.swift */,
				45076A81F0CBE401062452FA /* Main */,
			);
			path = Algorithm;
			sourceTree = "<group>";
		};
		450762DC59769F75D3C3D37A /* Language */ = {
			isa = PBXGroup;
			children = (
				45076B9CD6301272224B6FD2 /* Major */,
				4507604BE23E558F030C00B8 /* Detail */,
				4507633DCF78F74881C51C6F /* MainProtocol.swift */,
			);
			path = Language;
			sourceTree = "<group>";
		};
		45076A81F0CBE401062452FA /* Main */ = {
			isa = PBXGroup;
			children = (
				45076F5AC7B1617FB8A04A0B /* Bubble.swift */,
				450766D7DE7BC3F55196CF11 /* Select.swift */,
			);
			path = Main;
			sourceTree = "<group>";
		};
		45076B9CD6301272224B6FD2 /* Major */ = {
			isa = PBXGroup;
			children = (
				4507679D96857814C4DA3DE9 /* VariableAndConstantType.swift */,
				450765E20D9438A59C164869 /* Condition.swift */,
				4507621686BECC66F9A60B4D /* Function.swift */,
				450761D6179023B875F8F5BA /* Class.swift */,
				45076E48A23687DC7AE735EC /* EnumerationAndStructure.swift */,
				45076CFFFCD5D1E2DF7BFCA2 /* ProtocolAndExtension.swift */,
				45076807CDA32A4DAA38E911 /* ErrorHandle.swift */,
				45076D25426577123B9A8B5C /* Generic.swift */,
			);
			path = Major;
			sourceTree = "<group>";
		};
		527C85326FC61A5DDC03F325 /* Frameworks */ = {
			isa = PBXGroup;
			children = (
				37DA7818F553982F9F46C1EB /* libPods-SwiftStudy.a */,
			);
			name = Frameworks;
			sourceTree = "<group>";
		};
		82FA306FEF7D223CED5502EB /* Pods */ = {
			isa = PBXGroup;
			children = (
				2BF65212249E71BCA9EA22DE /* Pods-SwiftStudy.debug.xcconfig */,
				62C7EC51000492B5CBE9CA18 /* Pods-SwiftStudy.release.xcconfig */,
			);
			path = Pods;
			sourceTree = "<group>";
		};
		F98F3EBF247F728700E30571 = {
			isa = PBXGroup;
			children = (
				F98F3ECA247F728700E30571 /* SwiftStudy */,
				F98F3EC9247F728700E30571 /* Products */,
				82FA306FEF7D223CED5502EB /* Pods */,
				527C85326FC61A5DDC03F325 /* Frameworks */,
			);
			sourceTree = "<group>";
		};
		F98F3EC9247F728700E30571 /* Products */ = {
			isa = PBXGroup;
			children = (
				F98F3EC8247F728700E30571 /* SwiftStudy.app */,
			);
			name = Products;
			sourceTree = "<group>";
		};
		F98F3ECA247F728700E30571 /* SwiftStudy */ = {
			isa = PBXGroup;
			children = (
				F98F3ECB247F728700E30571 /* AppDelegate.swift */,
				F98F3ECD247F728700E30571 /* SceneDelegate.swift */,
				F98F3ECF247F728700E30571 /* ViewController.swift */,
				F9B480A924F014110000BEE8 /* MyPlayground.playground */,
				F98F3ED1247F728700E30571 /* Main.storyboard */,
				F98F3ED4247F728800E30571 /* Assets.xcassets */,
				F98F3ED6247F728800E30571 /* LaunchScreen.storyboard */,
				F98F3ED9247F728800E30571 /* Info.plist */,
				F9F8F15628564DF600BF074E /* Base */,
				450762DC59769F75D3C3D37A /* Language */,
				4507606B3434FB4C27A20ECE /* Algorithm */,
				F9F8F1422855FF8500BF074E /* Library */,
			);
			path = SwiftStudy;
			sourceTree = "<group>";
		};
		F9C858A825B5E75100B6D52F /* Extension */ = {
			isa = PBXGroup;
			children = (
				F9F8F15728564E0D00BF074E /* RxSwift */,
				F9C858A925B5E88D00B6D52F /* NSLayoutConstraint+Extension.swift */,
				F9F8F15128562FFF00BF074E /* UIView+Base.swift */,
			);
			path = Extension;
			sourceTree = "<group>";
		};
		F9F8F1422855FF8500BF074E /* Library */ = {
			isa = PBXGroup;
			children = (
				F9F8F1432855FFC500BF074E /* RxSwift */,
			);
			path = Library;
			sourceTree = "<group>";
		};
		F9F8F1432855FFC500BF074E /* RxSwift */ = {
			isa = PBXGroup;
			children = (
				F9F8F1442855FFDF00BF074E /* DoubleSideBind */,
			);
			path = RxSwift;
			sourceTree = "<group>";
		};
		F9F8F1442855FFDF00BF074E /* DoubleSideBind */ = {
			isa = PBXGroup;
			children = (
				F9F8F1482856009300BF074E /* ViewModel */,
				F9F8F1472856008400BF074E /* Model */,
				F9F8F1462856007300BF074E /* View */,
				F9F8F1452856006100BF074E /* ViewController */,
			);
			path = DoubleSideBind;
			sourceTree = "<group>";
		};
		F9F8F1452856006100BF074E /* ViewController */ = {
			isa = PBXGroup;
			children = (
				F9F8F14F28562E9200BF074E /* UserVC.swift */,
			);
			path = ViewController;
			sourceTree = "<group>";
		};
		F9F8F1462856007300BF074E /* View */ = {
			isa = PBXGroup;
			children = (
				F9F8F14B28562E3700BF074E /* UserView.swift */,
				F9F8F14D28562E6D00BF074E /* UserView.xib */,
			);
			path = View;
			sourceTree = "<group>";
		};
		F9F8F1472856008400BF074E /* Model */ = {
			isa = PBXGroup;
			children = (
			);
			path = Model;
			sourceTree = "<group>";
		};
		F9F8F1482856009300BF074E /* ViewModel */ = {
			isa = PBXGroup;
			children = (
				F9F8F14928562E0E00BF074E /* UserViewModel.swift */,
			);
			path = ViewModel;
			sourceTree = "<group>";
		};
		F9F8F153285631D100BF074E /* Config */ = {
			isa = PBXGroup;
			children = (
				F9F8F154285631F000BF074E /* CommonDefinition.swift */,
			);
			path = Config;
			sourceTree = "<group>";
		};
		F9F8F15628564DF600BF074E /* Base */ = {
			isa = PBXGroup;
			children = (
				F9C858A825B5E75100B6D52F /* Extension */,
				F9F8F153285631D100BF074E /* Config */,
			);
			path = Base;
			sourceTree = "<group>";
		};
		F9F8F15728564E0D00BF074E /* RxSwift */ = {
			isa = PBXGroup;
			children = (
				F9F8F15828564E3B00BF074E /* Observable+Operators.swift */,
			);
			path = RxSwift;
			sourceTree = "<group>";
		};
/* End PBXGroup section */

/* Begin PBXNativeTarget section */
		F98F3EC7247F728700E30571 /* SwiftStudy */ = {
			isa = PBXNativeTarget;
			buildConfigurationList = F98F3EDC247F728800E30571 /* Build configuration list for PBXNativeTarget "SwiftStudy" */;
			buildPhases = (
				A52D2CA38E81695B0D97E773 /* [CP] Check Pods Manifest.lock */,
				F98F3EC4247F728700E30571 /* Sources */,
				F98F3EC5247F728700E30571 /* Frameworks */,
				F98F3EC6247F728700E30571 /* Resources */,
				D76CE472B43B5F0D01EEB2AB /* [CP] Copy Pods Resources */,
			);
			buildRules = (
			);
			dependencies = (
			);
			name = SwiftStudy;
			productName = SwiftStudy;
			productReference = F98F3EC8247F728700E30571 /* SwiftStudy.app */;
			productType = "com.apple.product-type.application";
		};
/* End PBXNativeTarget section */

/* Begin PBXProject section */
		F98F3EC0247F728700E30571 /* Project object */ = {
			isa = PBXProject;
			attributes = {
				LastSwiftUpdateCheck = 1140;
				LastUpgradeCheck = 1220;
				ORGANIZATIONNAME = KenmuHuang;
				TargetAttributes = {
					F98F3EC7247F728700E30571 = {
						CreatedOnToolsVersion = 11.4.1;
					};
				};
			};
			buildConfigurationList = F98F3EC3247F728700E30571 /* Build configuration list for PBXProject "SwiftStudy" */;
			compatibilityVersion = "Xcode 11.0";
			developmentRegion = en;
			hasScannedForEncodings = 0;
			knownRegions = (
				en,
				Base,
			);
			mainGroup = F98F3EBF247F728700E30571;
			productRefGroup = F98F3EC9247F728700E30571 /* Products */;
			projectDirPath = "";
			projectRoot = "";
			targets = (
				F98F3EC7247F728700E30571 /* SwiftStudy */,
			);
		};
/* End PBXProject section */

/* Begin PBXResourcesBuildPhase section */
		F98F3EC6247F728700E30571 /* Resources */ = {
			isa = PBXResourcesBuildPhase;
			buildActionMask = 2147483647;
			files = (
				F98F3ED8247F728800E30571 /* LaunchScreen.storyboard in Resources */,
				F98F3ED5247F728800E30571 /* Assets.xcassets in Resources */,
				F98F3ED3247F728700E30571 /* Main.storyboard in Resources */,
				F9F8F14E28562E6D00BF074E /* UserView.xib in Resources */,
			);
			runOnlyForDeploymentPostprocessing = 0;
		};
/* End PBXResourcesBuildPhase section */

/* Begin PBXShellScriptBuildPhase section */
		A52D2CA38E81695B0D97E773 /* [CP] Check Pods Manifest.lock */ = {
			isa = PBXShellScriptBuildPhase;
			buildActionMask = 2147483647;
			files = (
			);
			inputFileListPaths = (
			);
			inputPaths = (
				"${PODS_PODFILE_DIR_PATH}/Podfile.lock",
				"${PODS_ROOT}/Manifest.lock",
			);
			name = "[CP] Check Pods Manifest.lock";
			outputFileListPaths = (
			);
			outputPaths = (
				"$(DERIVED_FILE_DIR)/Pods-SwiftStudy-checkManifestLockResult.txt",
			);
			runOnlyForDeploymentPostprocessing = 0;
			shellPath = /bin/sh;
			shellScript = "diff \"${PODS_PODFILE_DIR_PATH}/Podfile.lock\" \"${PODS_ROOT}/Manifest.lock\" > /dev/null\nif [ $? != 0 ] ; then\n    # print error to STDERR\n    echo \"error: The sandbox is not in sync with the Podfile.lock. Run 'pod install' or update your CocoaPods installation.\" >&2\n    exit 1\nfi\n# This output is used by Xcode 'outputs' to avoid re-running this script phase.\necho \"SUCCESS\" > \"${SCRIPT_OUTPUT_FILE_0}\"\n";
			showEnvVarsInLog = 0;
		};
		D76CE472B43B5F0D01EEB2AB /* [CP] Copy Pods Resources */ = {
			isa = PBXShellScriptBuildPhase;
			buildActionMask = 2147483647;
			files = (
			);
			inputFileListPaths = (
				"${PODS_ROOT}/Target Support Files/Pods-SwiftStudy/Pods-SwiftStudy-resources-${CONFIGURATION}-input-files.xcfilelist",
			);
			name = "[CP] Copy Pods Resources";
			outputFileListPaths = (
				"${PODS_ROOT}/Target Support Files/Pods-SwiftStudy/Pods-SwiftStudy-resources-${CONFIGURATION}-output-files.xcfilelist",
			);
			runOnlyForDeploymentPostprocessing = 0;
			shellPath = /bin/sh;
			shellScript = "\"${PODS_ROOT}/Target Support Files/Pods-SwiftStudy/Pods-SwiftStudy-resources.sh\"\n";
			showEnvVarsInLog = 0;
		};
/* End PBXShellScriptBuildPhase section */

/* Begin PBXSourcesBuildPhase section */
		F98F3EC4247F728700E30571 /* Sources */ = {
			isa = PBXSourcesBuildPhase;
			buildActionMask = 2147483647;
			files = (
				F98F3ED0247F728700E30571 /* ViewController.swift in Sources */,
				F9F8F14A28562E0E00BF074E /* UserViewModel.swift in Sources */,
				F98F3ECC247F728700E30571 /* AppDelegate.swift in Sources */,
				F98F3ECE247F728700E30571 /* SceneDelegate.swift in Sources */,
				450763E4523102C0560F9596 /* VariableAndConstantType.swift in Sources */,
				450765F8827942697F0979B6 /* Condition.swift in Sources */,
				45076A45A56C5B2D615925C5 /* Function.swift in Sources */,
				F9F8F14C28562E3700BF074E /* UserView.swift in Sources */,
				45076633059FC0B1AA207FC8 /* Class.swift in Sources */,
				45076E97ACBDA5F3E712C2F8 /* EnumerationAndStructure.swift in Sources */,
				450760F2D75A72F88740380C /* ProtocolAndExtension.swift in Sources */,
				450765FCA080AF72C4961578 /* ErrorHandle.swift in Sources */,
				45076ABDFCCE27BC6B57CD7E /* Generic.swift in Sources */,
				45076131BEA8DC1482FFEB2C /* TheBasics.swift in Sources */,
				45076F1DAC5D6FC9925D416E /* BasicOperators.swift in Sources */,
				450769899434DB58746C8007 /* StringsAndCharacters.swift in Sources */,
				450761D989AC735A08719F56 /* CollectionTypes.swift in Sources */,
				450764B66E8568F19DA85E27 /* MainProtocol.swift in Sources */,
				45076A8F441A234C51E51849 /* ControlFlow.swift in Sources */,
				F9F8F155285631F000BF074E /* CommonDefinition.swift in Sources */,
				45076F556ED5C64544A09E3E /* Functions.swift in Sources */,
				F9F8F15228562FFF00BF074E /* UIView+Base.swift in Sources */,
				4507611C61F021CF3443E581 /* Closures.swift in Sources */,
				450763FC8D8441B80A940348 /* Enumerations.swift in Sources */,
				45076D48B588A2CB0BA03741 /* StructuresAndClasses.swift in Sources */,
				F9F8F15028562E9200BF074E /* UserVC.swift in Sources */,
				F9C858AA25B5E88D00B6D52F /* NSLayoutConstraint+Extension.swift in Sources */,
				45076635C1F814E5C3F1CE5B /* Properties.swift in Sources */,
				45076D368233508540DC710B /* Methods.swift in Sources */,
				45076129E378E922115BCEE1 /* Subscripts.swift in Sources */,
				4507675254B53801E41595F0 /* Inheritance.swift in Sources */,
				450762C72B0BF2F78AB2A6BF /* Initialization.swift in Sources */,
				450762D54A549CE9B8F651A0 /* Deinitialization.swift in Sources */,
				45076185DE56F76ED05959BB /* OptionalChaining.swift in Sources */,
				450765E3FE544752F19F7498 /* ErrorHandling.swift in Sources */,
				45076DB146496090DB5B611F /* TypeCasting.swift in Sources */,
				450768BE3BAF13361BBB5038 /* NestedTypes.swift in Sources */,
				450764547F736B259482F918 /* Extensions.swift in Sources */,
				4507627F8785CE75EA744624 /* Protocols.swift in Sources */,
				450765171490ED2F93C2CC50 /* Generics.swift in Sources */,
				45076460217805C09DD25A10 /* OpaqueTypes.swift in Sources */,
				450764B07CFB38AA79A7044E /* AutomaticReferenceCounting.swift in Sources */,
				450762513B82A8C92084248F /* MemorySafety.swift in Sources */,
				45076746ED4F8D51541E136E /* AccessControl.swift in Sources */,
				450769D3453F7EF54B6F1319 /* AdvancedOperators.swift in Sources */,
				F9F8F15928564E3C00BF074E /* Observable+Operators.swift in Sources */,
				450762ED8C348680A1A50792 /* AlgorithmProtocol.swift in Sources */,
				45076FFB63279E40F91EB7E5 /* Bubble.swift in Sources */,
				45076EC15EDC12434BFC60B9 /* Select.swift in Sources */,
			);
			runOnlyForDeploymentPostprocessing = 0;
		};
/* End PBXSourcesBuildPhase section */

/* Begin PBXVariantGroup section */
		F98F3ED1247F728700E30571 /* Main.storyboard */ = {
			isa = PBXVariantGroup;
			children = (
				F98F3ED2247F728700E30571 /* Base */,
			);
			name = Main.storyboard;
			sourceTree = "<group>";
		};
		F98F3ED6247F728800E30571 /* LaunchScreen.storyboard */ = {
			isa = PBXVariantGroup;
			children = (
				F98F3ED7247F728800E30571 /* Base */,
			);
			name = LaunchScreen.storyboard;
			sourceTree = "<group>";
		};
/* End PBXVariantGroup section */

/* Begin XCBuildConfiguration section */
		F98F3EDA247F728800E30571 /* Debug */ = {
			isa = XCBuildConfiguration;
			buildSettings = {
				ALWAYS_SEARCH_USER_PATHS = NO;
				CLANG_ANALYZER_NONNULL = YES;
				CLANG_ANALYZER_NUMBER_OBJECT_CONVERSION = YES_AGGRESSIVE;
				CLANG_CXX_LANGUAGE_STANDARD = "gnu++14";
				CLANG_CXX_LIBRARY = "libc++";
				CLANG_ENABLE_MODULES = YES;
				CLANG_ENABLE_OBJC_ARC = YES;
				CLANG_ENABLE_OBJC_WEAK = YES;
				CLANG_WARN_BLOCK_CAPTURE_AUTORELEASING = YES;
				CLANG_WARN_BOOL_CONVERSION = YES;
				CLANG_WARN_COMMA = YES;
				CLANG_WARN_CONSTANT_CONVERSION = YES;
				CLANG_WARN_DEPRECATED_OBJC_IMPLEMENTATIONS = YES;
				CLANG_WARN_DIRECT_OBJC_ISA_USAGE = YES_ERROR;
				CLANG_WARN_DOCUMENTATION_COMMENTS = YES;
				CLANG_WARN_EMPTY_BODY = YES;
				CLANG_WARN_ENUM_CONVERSION = YES;
				CLANG_WARN_INFINITE_RECURSION = YES;
				CLANG_WARN_INT_CONVERSION = YES;
				CLANG_WARN_NON_LITERAL_NULL_CONVERSION = YES;
				CLANG_WARN_OBJC_IMPLICIT_RETAIN_SELF = YES;
				CLANG_WARN_OBJC_LITERAL_CONVERSION = YES;
				CLANG_WARN_OBJC_ROOT_CLASS = YES_ERROR;
				CLANG_WARN_QUOTED_INCLUDE_IN_FRAMEWORK_HEADER = YES;
				CLANG_WARN_RANGE_LOOP_ANALYSIS = YES;
				CLANG_WARN_STRICT_PROTOTYPES = YES;
				CLANG_WARN_SUSPICIOUS_MOVE = YES;
				CLANG_WARN_UNGUARDED_AVAILABILITY = YES_AGGRESSIVE;
				CLANG_WARN_UNREACHABLE_CODE = YES;
				CLANG_WARN__DUPLICATE_METHOD_MATCH = YES;
				COPY_PHASE_STRIP = NO;
				DEBUG_INFORMATION_FORMAT = dwarf;
				ENABLE_BITCODE = NO;
				ENABLE_STRICT_OBJC_MSGSEND = YES;
				ENABLE_TESTABILITY = YES;
				GCC_C_LANGUAGE_STANDARD = gnu11;
				GCC_DYNAMIC_NO_PIC = NO;
				GCC_NO_COMMON_BLOCKS = YES;
				GCC_OPTIMIZATION_LEVEL = 0;
				GCC_PREPROCESSOR_DEFINITIONS = (
					"DEBUG=1",
					"$(inherited)",
				);
				GCC_WARN_64_TO_32_BIT_CONVERSION = YES;
				GCC_WARN_ABOUT_RETURN_TYPE = YES_ERROR;
				GCC_WARN_UNDECLARED_SELECTOR = YES;
				GCC_WARN_UNINITIALIZED_AUTOS = YES_AGGRESSIVE;
				GCC_WARN_UNUSED_FUNCTION = YES;
				GCC_WARN_UNUSED_VARIABLE = YES;
				IPHONEOS_DEPLOYMENT_TARGET = 10.0;
				MTL_ENABLE_DEBUG_INFO = INCLUDE_SOURCE;
				MTL_FAST_MATH = YES;
				ONLY_ACTIVE_ARCH = YES;
				OTHER_LDFLAGS = (
					"-Xlinker",
					"-interposable",
				);
				SDKROOT = iphoneos;
				SWIFT_ACTIVE_COMPILATION_CONDITIONS = DEBUG;
				SWIFT_OPTIMIZATION_LEVEL = "-Onone";
			};
			name = Debug;
		};
		F98F3EDB247F728800E30571 /* Release */ = {
			isa = XCBuildConfiguration;
			buildSettings = {
				ALWAYS_SEARCH_USER_PATHS = NO;
				CLANG_ANALYZER_NONNULL = YES;
				CLANG_ANALYZER_NUMBER_OBJECT_CONVERSION = YES_AGGRESSIVE;
				CLANG_CXX_LANGUAGE_STANDARD = "gnu++14";
				CLANG_CXX_LIBRARY = "libc++";
				CLANG_ENABLE_MODULES = YES;
				CLANG_ENABLE_OBJC_ARC = YES;
				CLANG_ENABLE_OBJC_WEAK = YES;
				CLANG_WARN_BLOCK_CAPTURE_AUTORELEASING = YES;
				CLANG_WARN_BOOL_CONVERSION = YES;
				CLANG_WARN_COMMA = YES;
				CLANG_WARN_CONSTANT_CONVERSION = YES;
				CLANG_WARN_DEPRECATED_OBJC_IMPLEMENTATIONS = YES;
				CLANG_WARN_DIRECT_OBJC_ISA_USAGE = YES_ERROR;
				CLANG_WARN_DOCUMENTATION_COMMENTS = YES;
				CLANG_WARN_EMPTY_BODY = YES;
				CLANG_WARN_ENUM_CONVERSION = YES;
				CLANG_WARN_INFINITE_RECURSION = YES;
				CLANG_WARN_INT_CONVERSION = YES;
				CLANG_WARN_NON_LITERAL_NULL_CONVERSION = YES;
				CLANG_WARN_OBJC_IMPLICIT_RETAIN_SELF = YES;
				CLANG_WARN_OBJC_LITERAL_CONVERSION = YES;
				CLANG_WARN_OBJC_ROOT_CLASS = YES_ERROR;
				CLANG_WARN_QUOTED_INCLUDE_IN_FRAMEWORK_HEADER = YES;
				CLANG_WARN_RANGE_LOOP_ANALYSIS = YES;
				CLANG_WARN_STRICT_PROTOTYPES = YES;
				CLANG_WARN_SUSPICIOUS_MOVE = YES;
				CLANG_WARN_UNGUARDED_AVAILABILITY = YES_AGGRESSIVE;
				CLANG_WARN_UNREACHABLE_CODE = YES;
				CLANG_WARN__DUPLICATE_METHOD_MATCH = YES;
				COPY_PHASE_STRIP = NO;
				DEBUG_INFORMATION_FORMAT = "dwarf-with-dsym";
				ENABLE_BITCODE = NO;
				ENABLE_NS_ASSERTIONS = NO;
				ENABLE_STRICT_OBJC_MSGSEND = YES;
				GCC_C_LANGUAGE_STANDARD = gnu11;
				GCC_NO_COMMON_BLOCKS = YES;
				GCC_WARN_64_TO_32_BIT_CONVERSION = YES;
				GCC_WARN_ABOUT_RETURN_TYPE = YES_ERROR;
				GCC_WARN_UNDECLARED_SELECTOR = YES;
				GCC_WARN_UNINITIALIZED_AUTOS = YES_AGGRESSIVE;
				GCC_WARN_UNUSED_FUNCTION = YES;
				GCC_WARN_UNUSED_VARIABLE = YES;
				IPHONEOS_DEPLOYMENT_TARGET = 10.0;
				MTL_ENABLE_DEBUG_INFO = NO;
				MTL_FAST_MATH = YES;
				OTHER_LDFLAGS = (
					"-Xlinker",
					"-interposable",
				);
				SDKROOT = iphoneos;
				SWIFT_COMPILATION_MODE = wholemodule;
				SWIFT_OPTIMIZATION_LEVEL = "-O";
				VALIDATE_PRODUCT = YES;
			};
			name = Release;
		};
		F98F3EDD247F728800E30571 /* Debug */ = {
			isa = XCBuildConfiguration;
			baseConfigurationReference = 2BF65212249E71BCA9EA22DE /* Pods-SwiftStudy.debug.xcconfig */;
			buildSettings = {
				ASSETCATALOG_COMPILER_APPICON_NAME = AppIcon;
				CODE_SIGN_STYLE = Automatic;
				DEVELOPMENT_TEAM = R7N88J7F7X;
				INFOPLIST_FILE = SwiftStudy/Info.plist;
				LD_RUNPATH_SEARCH_PATHS = (
					"$(inherited)",
					"@executable_path/Frameworks",
				);
				PRODUCT_BUNDLE_IDENTIFIER = com.kenmu.SwiftStudy;
				PRODUCT_NAME = "$(TARGET_NAME)";
				SWIFT_VERSION = 5.0;
				TARGETED_DEVICE_FAMILY = "1,2";
			};
			name = Debug;
		};
		F98F3EDE247F728800E30571 /* Release */ = {
			isa = XCBuildConfiguration;
			baseConfigurationReference = 62C7EC51000492B5CBE9CA18 /* Pods-SwiftStudy.release.xcconfig */;
			buildSettings = {
				ASSETCATALOG_COMPILER_APPICON_NAME = AppIcon;
				CODE_SIGN_STYLE = Automatic;
				DEVELOPMENT_TEAM = R7N88J7F7X;
				INFOPLIST_FILE = SwiftStudy/Info.plist;
				LD_RUNPATH_SEARCH_PATHS = (
					"$(inherited)",
					"@executable_path/Frameworks",
				);
				PRODUCT_BUNDLE_IDENTIFIER = com.kenmu.SwiftStudy;
				PRODUCT_NAME = "$(TARGET_NAME)";
				SWIFT_VERSION = 5.0;
				TARGETED_DEVICE_FAMILY = "1,2";
			};
			name = Release;
		};
/* End XCBuildConfiguration section */

/* Begin XCConfigurationList section */
		F98F3EC3247F728700E30571 /* Build configuration list for PBXProject "SwiftStudy" */ = {
			isa = XCConfigurationList;
			buildConfigurations = (
				F98F3EDA247F728800E30571 /* Debug */,
				F98F3EDB247F728800E30571 /* Release */,
			);
			defaultConfigurationIsVisible = 0;
			defaultConfigurationName = Release;
		};
		F98F3EDC247F728800E30571 /* Build configuration list for PBXNativeTarget "SwiftStudy" */ = {
			isa = XCConfigurationList;
			buildConfigurations = (
				F98F3EDD247F728800E30571 /* Debug */,
				F98F3EDE247F728800E30571 /* Release */,
			);
			defaultConfigurationIsVisible = 0;
			defaultConfigurationName = Release;
		};
/* End XCConfigurationList section */
	};
	rootObject = F98F3EC0247F728700E30571 /* Project object */;
}
