// !$*UTF8*$!
{
	archiveVersion = 1;
	classes = {
	};
	objectVersion = 52;
	objects = {

/* Begin PBXBuildFile section */
		450760F2D75A72F88740380C /* ProtocolAndExtension.swift in Sources */ = {isa = PBXBuildFile; fileRef = 45076CFFFCD5D1E2DF7BFCA2 /* ProtocolAndExtension.swift */; };
		450763E4523102C0560F9596 /* VariableAndConstantType.swift in Sources */ = {isa = PBXBuildFile; fileRef = 4507679D96857814C4DA3DE9 /* VariableAndConstantType.swift */; };
		450765F8827942697F0979B6 /* Condition.swift in Sources */ = {isa = PBXBuildFile; fileRef = 450765E20D9438A59C164869 /* Condition.swift */; };
		450765FCA080AF72C4961578 /* ErrorHandling.swift in Sources */ = {isa = PBXBuildFile; fileRef = 45076807CDA32A4DAA38E911 /* ErrorHandling.swift */; };
		45076633059FC0B1AA207FC8 /* Class.swift in Sources */ = {isa = PBXBuildFile; fileRef = 450761D6179023B875F8F5BA /* Class.swift */; };
		45076A45A56C5B2D615925C5 /* Function.swift in Sources */ = {isa = PBXBuildFile; fileRef = 4507621686BECC66F9A60B4D /* Function.swift */; };
		45076ABDFCCE27BC6B57CD7E /* Generic.swift in Sources */ = {isa = PBXBuildFile; fileRef = 45076D25426577123B9A8B5C /* Generic.swift */; };
		45076E97ACBDA5F3E712C2F8 /* EnumerationAndStructure.swift in Sources */ = {isa = PBXBuildFile; fileRef = 45076E48A23687DC7AE735EC /* EnumerationAndStructure.swift */; };
		F98F3ECC247F728700E30571 /* AppDelegate.swift in Sources */ = {isa = PBXBuildFile; fileRef = F98F3ECB247F728700E30571 /* AppDelegate.swift */; };
		F98F3ECE247F728700E30571 /* SceneDelegate.swift in Sources */ = {isa = PBXBuildFile; fileRef = F98F3ECD247F728700E30571 /* SceneDelegate.swift */; };
		F98F3ED0247F728700E30571 /* ViewController.swift in Sources */ = {isa = PBXBuildFile; fileRef = F98F3ECF247F728700E30571 /* ViewController.swift */; };
		F98F3ED3247F728700E30571 /* Main.storyboard in Resources */ = {isa = PBXBuildFile; fileRef = F98F3ED1247F728700E30571 /* Main.storyboard */; };
		F98F3ED5247F728800E30571 /* Assets.xcassets in Resources */ = {isa = PBXBuildFile; fileRef = F98F3ED4247F728800E30571 /* Assets.xcassets */; };
		F98F3ED8247F728800E30571 /* LaunchScreen.storyboard in Resources */ = {isa = PBXBuildFile; fileRef = F98F3ED6247F728800E30571 /* LaunchScreen.storyboard */; };
/* End PBXBuildFile section */

/* Begin PBXFileReference section */
		450761D6179023B875F8F5BA /* Class.swift */ = {isa = PBXFileReference; fileEncoding = 4; lastKnownFileType = sourcecode.swift; path = Class.swift; sourceTree = "<group>"; };
		4507621686BECC66F9A60B4D /* Function.swift */ = {isa = PBXFileReference; fileEncoding = 4; lastKnownFileType = sourcecode.swift; path = Function.swift; sourceTree = "<group>"; };
		450765E20D9438A59C164869 /* Condition.swift */ = {isa = PBXFileReference; fileEncoding = 4; lastKnownFileType = sourcecode.swift; path = Condition.swift; sourceTree = "<group>"; };
		4507679D96857814C4DA3DE9 /* VariableAndConstantType.swift */ = {isa = PBXFileReference; fileEncoding = 4; lastKnownFileType = sourcecode.swift; path = VariableAndConstantType.swift; sourceTree = "<group>"; };
		45076807CDA32A4DAA38E911 /* ErrorHandling.swift */ = {isa = PBXFileReference; fileEncoding = 4; lastKnownFileType = sourcecode.swift; path = ErrorHandling.swift; sourceTree = "<group>"; };
		45076CFFFCD5D1E2DF7BFCA2 /* ProtocolAndExtension.swift */ = {isa = PBXFileReference; fileEncoding = 4; lastKnownFileType = sourcecode.swift; path = ProtocolAndExtension.swift; sourceTree = "<group>"; };
		45076D25426577123B9A8B5C /* Generic.swift */ = {isa = PBXFileReference; fileEncoding = 4; lastKnownFileType = sourcecode.swift; path = Generic.swift; sourceTree = "<group>"; };
		45076E48A23687DC7AE735EC /* EnumerationAndStructure.swift */ = {isa = PBXFileReference; fileEncoding = 4; lastKnownFileType = sourcecode.swift; path = EnumerationAndStructure.swift; sourceTree = "<group>"; };
		F98F3EC8247F728700E30571 /* SwiftStudy.app */ = {isa = PBXFileReference; explicitFileType = wrapper.application; includeInIndex = 0; path = SwiftStudy.app; sourceTree = BUILT_PRODUCTS_DIR; };
		F98F3ECB247F728700E30571 /* AppDelegate.swift */ = {isa = PBXFileReference; lastKnownFileType = sourcecode.swift; path = AppDelegate.swift; sourceTree = "<group>"; };
		F98F3ECD247F728700E30571 /* SceneDelegate.swift */ = {isa = PBXFileReference; lastKnownFileType = sourcecode.swift; path = SceneDelegate.swift; sourceTree = "<group>"; };
		F98F3ECF247F728700E30571 /* ViewController.swift */ = {isa = PBXFileReference; lastKnownFileType = sourcecode.swift; path = ViewController.swift; sourceTree = "<group>"; };
		F98F3ED2247F728700E30571 /* Base */ = {isa = PBXFileReference; lastKnownFileType = file.storyboard; name = Base; path = Base.lproj/Main.storyboard; sourceTree = "<group>"; };
		F98F3ED4247F728800E30571 /* Assets.xcassets */ = {isa = PBXFileReference; lastKnownFileType = folder.assetcatalog; path = Assets.xcassets; sourceTree = "<group>"; };
		F98F3ED7247F728800E30571 /* Base */ = {isa = PBXFileReference; lastKnownFileType = file.storyboard; name = Base; path = Base.lproj/LaunchScreen.storyboard; sourceTree = "<group>"; };
		F98F3ED9247F728800E30571 /* Info.plist */ = {isa = PBXFileReference; lastKnownFileType = text.plist.xml; path = Info.plist; sourceTree = "<group>"; };
/* End PBXFileReference section */

/* Begin PBXFrameworksBuildPhase section */
		F98F3EC5247F728700E30571 /* Frameworks */ = {
			isa = PBXFrameworksBuildPhase;
			buildActionMask = 2147483647;
			files = (
			);
			runOnlyForDeploymentPostprocessing = 0;
		};
/* End PBXFrameworksBuildPhase section */

/* Begin PBXGroup section */
		4507604BE23E558F030C00B8 /* Detail */ = {
			isa = PBXGroup;
			children = (
			);
			path = Detail;
			sourceTree = "<group>";
		};
		450762DC59769F75D3C3D37A /* Language */ = {
			isa = PBXGroup;
			children = (
				45076B9CD6301272224B6FD2 /* Major */,
				4507604BE23E558F030C00B8 /* Detail */,
			);
			path = Language;
			sourceTree = "<group>";
		};
		45076B9CD6301272224B6FD2 /* Major */ = {
			isa = PBXGroup;
			children = (
				4507679D96857814C4DA3DE9 /* VariableAndConstantType.swift */,
				450765E20D9438A59C164869 /* Condition.swift */,
				4507621686BECC66F9A60B4D /* Function.swift */,
				450761D6179023B875F8F5BA /* Class.swift */,
				45076E48A23687DC7AE735EC /* EnumerationAndStructure.swift */,
				45076CFFFCD5D1E2DF7BFCA2 /* ProtocolAndExtension.swift */,
				45076807CDA32A4DAA38E911 /* ErrorHandling.swift */,
				45076D25426577123B9A8B5C /* Generic.swift */,
			);
			path = Major;
			sourceTree = "<group>";
		};
		F98F3EBF247F728700E30571 = {
			isa = PBXGroup;
			children = (
				F98F3ECA247F728700E30571 /* SwiftStudy */,
				F98F3EC9247F728700E30571 /* Products */,
			);
			sourceTree = "<group>";
		};
		F98F3EC9247F728700E30571 /* Products */ = {
			isa = PBXGroup;
			children = (
				F98F3EC8247F728700E30571 /* SwiftStudy.app */,
			);
			name = Products;
			sourceTree = "<group>";
		};
		F98F3ECA247F728700E30571 /* SwiftStudy */ = {
			isa = PBXGroup;
			children = (
				F98F3ECB247F728700E30571 /* AppDelegate.swift */,
				F98F3ECD247F728700E30571 /* SceneDelegate.swift */,
				F98F3ECF247F728700E30571 /* ViewController.swift */,
				F98F3ED1247F728700E30571 /* Main.storyboard */,
				F98F3ED4247F728800E30571 /* Assets.xcassets */,
				F98F3ED6247F728800E30571 /* LaunchScreen.storyboard */,
				F98F3ED9247F728800E30571 /* Info.plist */,
				450762DC59769F75D3C3D37A /* Language */,
			);
			path = SwiftStudy;
			sourceTree = "<group>";
		};
/* End PBXGroup section */

/* Begin PBXNativeTarget section */
		F98F3EC7247F728700E30571 /* SwiftStudy */ = {
			isa = PBXNativeTarget;
			buildConfigurationList = F98F3EDC247F728800E30571 /* Build configuration list for PBXNativeTarget "SwiftStudy" */;
			buildPhases = (
				F98F3EC4247F728700E30571 /* Sources */,
				F98F3EC5247F728700E30571 /* Frameworks */,
				F98F3EC6247F728700E30571 /* Resources */,
			);
			buildRules = (
			);
			dependencies = (
			);
			name = SwiftStudy;
			productName = SwiftStudy;
			productReference = F98F3EC8247F728700E30571 /* SwiftStudy.app */;
			productType = "com.apple.product-type.application";
		};
/* End PBXNativeTarget section */

/* Begin PBXProject section */
		F98F3EC0247F728700E30571 /* Project object */ = {
			isa = PBXProject;
			attributes = {
				LastSwiftUpdateCheck = 1140;
				LastUpgradeCheck = 1140;
				ORGANIZATIONNAME = KenmuHuang;
				TargetAttributes = {
					F98F3EC7247F728700E30571 = {
						CreatedOnToolsVersion = 11.4.1;
					};
				};
			};
			buildConfigurationList = F98F3EC3247F728700E30571 /* Build configuration list for PBXProject "SwiftStudy" */;
			compatibilityVersion = "Xcode 11.0";
			developmentRegion = en;
			hasScannedForEncodings = 0;
			knownRegions = (
				en,
				Base,
			);
			mainGroup = F98F3EBF247F728700E30571;
			productRefGroup = F98F3EC9247F728700E30571 /* Products */;
			projectDirPath = "";
			projectRoot = "";
			targets = (
				F98F3EC7247F728700E30571 /* SwiftStudy */,
			);
		};
/* End PBXProject section */

/* Begin PBXResourcesBuildPhase section */
		F98F3EC6247F728700E30571 /* Resources */ = {
			isa = PBXResourcesBuildPhase;
			buildActionMask = 2147483647;
			files = (
				F98F3ED8247F728800E30571 /* LaunchScreen.storyboard in Resources */,
				F98F3ED5247F728800E30571 /* Assets.xcassets in Resources */,
				F98F3ED3247F728700E30571 /* Main.storyboard in Resources */,
			);
			runOnlyForDeploymentPostprocessing = 0;
		};
/* End PBXResourcesBuildPhase section */

/* Begin PBXSourcesBuildPhase section */
		F98F3EC4247F728700E30571 /* Sources */ = {
			isa = PBXSourcesBuildPhase;
			buildActionMask = 2147483647;
			files = (
				F98F3ED0247F728700E30571 /* ViewController.swift in Sources */,
				F98F3ECC247F728700E30571 /* AppDelegate.swift in Sources */,
				F98F3ECE247F728700E30571 /* SceneDelegate.swift in Sources */,
				450763E4523102C0560F9596 /* VariableAndConstantType.swift in Sources */,
				450765F8827942697F0979B6 /* Condition.swift in Sources */,
				45076A45A56C5B2D615925C5 /* Function.swift in Sources */,
				45076633059FC0B1AA207FC8 /* Class.swift in Sources */,
				45076E97ACBDA5F3E712C2F8 /* EnumerationAndStructure.swift in Sources */,
				450760F2D75A72F88740380C /* ProtocolAndExtension.swift in Sources */,
				450765FCA080AF72C4961578 /* ErrorHandling.swift in Sources */,
				45076ABDFCCE27BC6B57CD7E /* Generic.swift in Sources */,
			);
			runOnlyForDeploymentPostprocessing = 0;
		};
/* End PBXSourcesBuildPhase section */

/* Begin PBXVariantGroup section */
		F98F3ED1247F728700E30571 /* Main.storyboard */ = {
			isa = PBXVariantGroup;
			children = (
				F98F3ED2247F728700E30571 /* Base */,
			);
			name = Main.storyboard;
			sourceTree = "<group>";
		};
		F98F3ED6247F728800E30571 /* LaunchScreen.storyboard */ = {
			isa = PBXVariantGroup;
			children = (
				F98F3ED7247F728800E30571 /* Base */,
			);
			name = LaunchScreen.storyboard;
			sourceTree = "<group>";
		};
/* End PBXVariantGroup section */

/* Begin XCBuildConfiguration section */
		F98F3EDA247F728800E30571 /* Debug */ = {
			isa = XCBuildConfiguration;
			buildSettings = {
				ALWAYS_SEARCH_USER_PATHS = NO;
				CLANG_ANALYZER_NONNULL = YES;
				CLANG_ANALYZER_NUMBER_OBJECT_CONVERSION = YES_AGGRESSIVE;
				CLANG_CXX_LANGUAGE_STANDARD = "gnu++14";
				CLANG_CXX_LIBRARY = "libc++";
				CLANG_ENABLE_MODULES = YES;
				CLANG_ENABLE_OBJC_ARC = YES;
				CLANG_ENABLE_OBJC_WEAK = YES;
				CLANG_WARN_BLOCK_CAPTURE_AUTORELEASING = YES;
				CLANG_WARN_BOOL_CONVERSION = YES;
				CLANG_WARN_COMMA = YES;
				CLANG_WARN_CONSTANT_CONVERSION = YES;
				CLANG_WARN_DEPRECATED_OBJC_IMPLEMENTATIONS = YES;
				CLANG_WARN_DIRECT_OBJC_ISA_USAGE = YES_ERROR;
				CLANG_WARN_DOCUMENTATION_COMMENTS = YES;
				CLANG_WARN_EMPTY_BODY = YES;
				CLANG_WARN_ENUM_CONVERSION = YES;
				CLANG_WARN_INFINITE_RECURSION = YES;
				CLANG_WARN_INT_CONVERSION = YES;
				CLANG_WARN_NON_LITERAL_NULL_CONVERSION = YES;
				CLANG_WARN_OBJC_IMPLICIT_RETAIN_SELF = YES;
				CLANG_WARN_OBJC_LITERAL_CONVERSION = YES;
				CLANG_WARN_OBJC_ROOT_CLASS = YES_ERROR;
				CLANG_WARN_RANGE_LOOP_ANALYSIS = YES;
				CLANG_WARN_STRICT_PROTOTYPES = YES;
				CLANG_WARN_SUSPICIOUS_MOVE = YES;
				CLANG_WARN_UNGUARDED_AVAILABILITY = YES_AGGRESSIVE;
				CLANG_WARN_UNREACHABLE_CODE = YES;
				CLANG_WARN__DUPLICATE_METHOD_MATCH = YES;
				COPY_PHASE_STRIP = NO;
				DEBUG_INFORMATION_FORMAT = dwarf;
				ENABLE_STRICT_OBJC_MSGSEND = YES;
				ENABLE_TESTABILITY = YES;
				GCC_C_LANGUAGE_STANDARD = gnu11;
				GCC_DYNAMIC_NO_PIC = NO;
				GCC_NO_COMMON_BLOCKS = YES;
				GCC_OPTIMIZATION_LEVEL = 0;
				GCC_PREPROCESSOR_DEFINITIONS = (
					"DEBUG=1",
					"$(inherited)",
				);
				GCC_WARN_64_TO_32_BIT_CONVERSION = YES;
				GCC_WARN_ABOUT_RETURN_TYPE = YES_ERROR;
				GCC_WARN_UNDECLARED_SELECTOR = YES;
				GCC_WARN_UNINITIALIZED_AUTOS = YES_AGGRESSIVE;
				GCC_WARN_UNUSED_FUNCTION = YES;
				GCC_WARN_UNUSED_VARIABLE = YES;
				IPHONEOS_DEPLOYMENT_TARGET = 9.0;
				MTL_ENABLE_DEBUG_INFO = INCLUDE_SOURCE;
				MTL_FAST_MATH = YES;
				ONLY_ACTIVE_ARCH = YES;
				SDKROOT = iphoneos;
				SWIFT_ACTIVE_COMPILATION_CONDITIONS = DEBUG;
				SWIFT_OPTIMIZATION_LEVEL = "-Onone";
			};
			name = Debug;
		};
		F98F3EDB247F728800E30571 /* Release */ = {
			isa = XCBuildConfiguration;
			buildSettings = {
				ALWAYS_SEARCH_USER_PATHS = NO;
				CLANG_ANALYZER_NONNULL = YES;
				CLANG_ANALYZER_NUMBER_OBJECT_CONVERSION = YES_AGGRESSIVE;
				CLANG_CXX_LANGUAGE_STANDARD = "gnu++14";
				CLANG_CXX_LIBRARY = "libc++";
				CLANG_ENABLE_MODULES = YES;
				CLANG_ENABLE_OBJC_ARC = YES;
				CLANG_ENABLE_OBJC_WEAK = YES;
				CLANG_WARN_BLOCK_CAPTURE_AUTORELEASING = YES;
				CLANG_WARN_BOOL_CONVERSION = YES;
				CLANG_WARN_COMMA = YES;
				CLANG_WARN_CONSTANT_CONVERSION = YES;
				CLANG_WARN_DEPRECATED_OBJC_IMPLEMENTATIONS = YES;
				CLANG_WARN_DIRECT_OBJC_ISA_USAGE = YES_ERROR;
				CLANG_WARN_DOCUMENTATION_COMMENTS = YES;
				CLANG_WARN_EMPTY_BODY = YES;
				CLANG_WARN_ENUM_CONVERSION = YES;
				CLANG_WARN_INFINITE_RECURSION = YES;
				CLANG_WARN_INT_CONVERSION = YES;
				CLANG_WARN_NON_LITERAL_NULL_CONVERSION = YES;
				CLANG_WARN_OBJC_IMPLICIT_RETAIN_SELF = YES;
				CLANG_WARN_OBJC_LITERAL_CONVERSION = YES;
				CLANG_WARN_OBJC_ROOT_CLASS = YES_ERROR;
				CLANG_WARN_RANGE_LOOP_ANALYSIS = YES;
				CLANG_WARN_STRICT_PROTOTYPES = YES;
				CLANG_WARN_SUSPICIOUS_MOVE = YES;
				CLANG_WARN_UNGUARDED_AVAILABILITY = YES_AGGRESSIVE;
				CLANG_WARN_UNREACHABLE_CODE = YES;
				CLANG_WARN__DUPLICATE_METHOD_MATCH = YES;
				COPY_PHASE_STRIP = NO;
				DEBUG_INFORMATION_FORMAT = "dwarf-with-dsym";
				ENABLE_NS_ASSERTIONS = NO;
				ENABLE_STRICT_OBJC_MSGSEND = YES;
				GCC_C_LANGUAGE_STANDARD = gnu11;
				GCC_NO_COMMON_BLOCKS = YES;
				GCC_WARN_64_TO_32_BIT_CONVERSION = YES;
				GCC_WARN_ABOUT_RETURN_TYPE = YES_ERROR;
				GCC_WARN_UNDECLARED_SELECTOR = YES;
				GCC_WARN_UNINITIALIZED_AUTOS = YES_AGGRESSIVE;
				GCC_WARN_UNUSED_FUNCTION = YES;
				GCC_WARN_UNUSED_VARIABLE = YES;
				IPHONEOS_DEPLOYMENT_TARGET = 9.0;
				MTL_ENABLE_DEBUG_INFO = NO;
				MTL_FAST_MATH = YES;
				SDKROOT = iphoneos;
				SWIFT_COMPILATION_MODE = wholemodule;
				SWIFT_OPTIMIZATION_LEVEL = "-O";
				VALIDATE_PRODUCT = YES;
			};
			name = Release;
		};
		F98F3EDD247F728800E30571 /* Debug */ = {
			isa = XCBuildConfiguration;
			buildSettings = {
				ASSETCATALOG_COMPILER_APPICON_NAME = AppIcon;
				CODE_SIGN_STYLE = Automatic;
				DEVELOPMENT_TEAM = R7N88J7F7X;
				INFOPLIST_FILE = SwiftStudy/Info.plist;
				LD_RUNPATH_SEARCH_PATHS = (
					"$(inherited)",
					"@executable_path/Frameworks",
				);
				PRODUCT_BUNDLE_IDENTIFIER = com.kenmu.SwiftStudy;
				PRODUCT_NAME = "$(TARGET_NAME)";
				SWIFT_VERSION = 5.0;
				TARGETED_DEVICE_FAMILY = "1,2";
			};
			name = Debug;
		};
		F98F3EDE247F728800E30571 /* Release */ = {
			isa = XCBuildConfiguration;
			buildSettings = {
				ASSETCATALOG_COMPILER_APPICON_NAME = AppIcon;
				CODE_SIGN_STYLE = Automatic;
				DEVELOPMENT_TEAM = R7N88J7F7X;
				INFOPLIST_FILE = SwiftStudy/Info.plist;
				LD_RUNPATH_SEARCH_PATHS = (
					"$(inherited)",
					"@executable_path/Frameworks",
				);
				PRODUCT_BUNDLE_IDENTIFIER = com.kenmu.SwiftStudy;
				PRODUCT_NAME = "$(TARGET_NAME)";
				SWIFT_VERSION = 5.0;
				TARGETED_DEVICE_FAMILY = "1,2";
			};
			name = Release;
		};
/* End XCBuildConfiguration section */

/* Begin XCConfigurationList section */
		F98F3EC3247F728700E30571 /* Build configuration list for PBXProject "SwiftStudy" */ = {
			isa = XCConfigurationList;
			buildConfigurations = (
				F98F3EDA247F728800E30571 /* Debug */,
				F98F3EDB247F728800E30571 /* Release */,
			);
			defaultConfigurationIsVisible = 0;
			defaultConfigurationName = Release;
		};
		F98F3EDC247F728800E30571 /* Build configuration list for PBXNativeTarget "SwiftStudy" */ = {
			isa = XCConfigurationList;
			buildConfigurations = (
				F98F3EDD247F728800E30571 /* Debug */,
				F98F3EDE247F728800E30571 /* Release */,
			);
			defaultConfigurationIsVisible = 0;
			defaultConfigurationName = Release;
		};
/* End XCConfigurationList section */
	};
	rootObject = F98F3EC0247F728700E30571 /* Project object */;
}
